// !$*UTF8*$!
{
	archiveVersion = 1;
	classes = {
	};
	objectVersion = 56;
	objects = {

/* Begin PBXBuildFile section */
		8BAA10D42A88C47000A25624 /* TrendListTableViewCell.swift in Sources */ = {isa = PBXBuildFile; fileRef = 8BAA10D22A88C47000A25624 /* TrendListTableViewCell.swift */; };
		8BAA10D52A88C47000A25624 /* TrendListTableViewCell.xib in Resources */ = {isa = PBXBuildFile; fileRef = 8BAA10D32A88C47000A25624 /* TrendListTableViewCell.xib */; };
		8BAA10D82A89060E00A25624 /* Alamofire in Frameworks */ = {isa = PBXBuildFile; productRef = 8BAA10D72A89060E00A25624 /* Alamofire */; };
		8BAA10DB2A89061A00A25624 /* SwiftyJSON in Frameworks */ = {isa = PBXBuildFile; productRef = 8BAA10DA2A89061A00A25624 /* SwiftyJSON */; };
		8BAA10DE2A89062300A25624 /* Kingfisher in Frameworks */ = {isa = PBXBuildFile; productRef = 8BAA10DD2A89062300A25624 /* Kingfisher */; };
		8BAA10E02A890A8D00A25624 /* TmdbAPIManager.swift in Sources */ = {isa = PBXBuildFile; fileRef = 8BAA10DF2A890A8D00A25624 /* TmdbAPIManager.swift */; };
		8BAA10E22A890CDB00A25624 /* APIType.swift in Sources */ = {isa = PBXBuildFile; fileRef = 8BAA10E12A890CDB00A25624 /* APIType.swift */; };
		8BAA10E42A8913A900A25624 /* Movie.swift in Sources */ = {isa = PBXBuildFile; fileRef = 8BAA10E32A8913A900A25624 /* Movie.swift */; };
		8BAA10E72A891DFE00A25624 /* URL+Extension.swift in Sources */ = {isa = PBXBuildFile; fileRef = 8BAA10E62A891DFE00A25624 /* URL+Extension.swift */; };
		8BAA10EF2A8B79F000A25624 /* DetailViewController.storyboard in Resources */ = {isa = PBXBuildFile; fileRef = 8BAA10EE2A8B79F000A25624 /* DetailViewController.storyboard */; };
		8BAA10F32A8BC94900A25624 /* Credits.swift in Sources */ = {isa = PBXBuildFile; fileRef = 8BAA10F22A8BC94900A25624 /* Credits.swift */; };
		8BAA10F52A8BDE7C00A25624 /* DetailViewController.swift in Sources */ = {isa = PBXBuildFile; fileRef = 8BAA10F42A8BDE7C00A25624 /* DetailViewController.swift */; };
		8BAA10F82A8BE2FF00A25624 /* OverViewTableViewCell.swift in Sources */ = {isa = PBXBuildFile; fileRef = 8BAA10F62A8BE2FF00A25624 /* OverViewTableViewCell.swift */; };
		8BAA10F92A8BE2FF00A25624 /* OverViewTableViewCell.xib in Resources */ = {isa = PBXBuildFile; fileRef = 8BAA10F72A8BE2FF00A25624 /* OverViewTableViewCell.xib */; };
		8BAA10FD2A8BE31600A25624 /* CastTableViewCell.swift in Sources */ = {isa = PBXBuildFile; fileRef = 8BAA10FB2A8BE31600A25624 /* CastTableViewCell.swift */; };
		8BAA10FE2A8BE31600A25624 /* CastTableViewCell.xib in Resources */ = {isa = PBXBuildFile; fileRef = 8BAA10FC2A8BE31600A25624 /* CastTableViewCell.xib */; };
		8BD528A42A862F56003C031B /* AppDelegate.swift in Sources */ = {isa = PBXBuildFile; fileRef = 8BD528A32A862F56003C031B /* AppDelegate.swift */; };
		8BD528A62A862F56003C031B /* SceneDelegate.swift in Sources */ = {isa = PBXBuildFile; fileRef = 8BD528A52A862F56003C031B /* SceneDelegate.swift */; };
		8BD528A82A862F56003C031B /* ViewController.swift in Sources */ = {isa = PBXBuildFile; fileRef = 8BD528A72A862F56003C031B /* ViewController.swift */; };
		8BD528AB2A862F56003C031B /* Main.storyboard in Resources */ = {isa = PBXBuildFile; fileRef = 8BD528A92A862F56003C031B /* Main.storyboard */; };
		8BD528AD2A862F57003C031B /* Assets.xcassets in Resources */ = {isa = PBXBuildFile; fileRef = 8BD528AC2A862F57003C031B /* Assets.xcassets */; };
		8BD528B02A862F57003C031B /* LaunchScreen.storyboard in Resources */ = {isa = PBXBuildFile; fileRef = 8BD528AE2A862F57003C031B /* LaunchScreen.storyboard */; };
		8BD528B82A862F7E003C031B /* .gitignore in Resources */ = {isa = PBXBuildFile; fileRef = 8BD528B72A862F7E003C031B /* .gitignore */; };
		8BD528BA2A862F97003C031B /* APIKey.swift in Sources */ = {isa = PBXBuildFile; fileRef = 8BD528B92A862F97003C031B /* APIKey.swift */; };
		8BD528BC2A88C2AC003C031B /* TrendListViewController.swift in Sources */ = {isa = PBXBuildFile; fileRef = 8BD528BB2A88C2AC003C031B /* TrendListViewController.swift */; };
		8BD528BE2A88C2CD003C031B /* TrendListView.storyboard in Resources */ = {isa = PBXBuildFile; fileRef = 8BD528BD2A88C2CD003C031B /* TrendListView.storyboard */; };
		8BF852D62A92732A00F57338 /* MoreAboutMovieViewController.swift in Sources */ = {isa = PBXBuildFile; fileRef = 8BF852D52A92732A00F57338 /* MoreAboutMovieViewController.swift */; };
		8BF852FA2A937B7C00F57338 /* SimilarMovie.swift in Sources */ = {isa = PBXBuildFile; fileRef = 8BF852F92A937B7C00F57338 /* SimilarMovie.swift */; };
		8BF852FC2A937BCD00F57338 /* MovieVideos.swift in Sources */ = {isa = PBXBuildFile; fileRef = 8BF852FB2A937BCD00F57338 /* MovieVideos.swift */; };
		8BF853002A9390F100F57338 /* MovieSimilarCollectionViewCell.swift in Sources */ = {isa = PBXBuildFile; fileRef = 8BF852FE2A9390F100F57338 /* MovieSimilarCollectionViewCell.swift */; };
		8BF853012A9390F100F57338 /* MovieSimilarCollectionViewCell.xib in Resources */ = {isa = PBXBuildFile; fileRef = 8BF852FF2A9390F100F57338 /* MovieSimilarCollectionViewCell.xib */; };
		8BF853042A93952900F57338 /* MovieVideosCollectionViewCell.swift in Sources */ = {isa = PBXBuildFile; fileRef = 8BF853022A93952900F57338 /* MovieVideosCollectionViewCell.swift */; };
		8BF853052A93952900F57338 /* MovieVideosCollectionViewCell.xib in Resources */ = {isa = PBXBuildFile; fileRef = 8BF853032A93952900F57338 /* MovieVideosCollectionViewCell.xib */; };
		8BF853072A9398CC00F57338 /* ReusableViewProtocol.swift in Sources */ = {isa = PBXBuildFile; fileRef = 8BF853062A9398CC00F57338 /* ReusableViewProtocol.swift */; };
		8BF853442A98B9E600F57338 /* OnboardingViewController.swift in Sources */ = {isa = PBXBuildFile; fileRef = 8BF853432A98B9E600F57338 /* OnboardingViewController.swift */; };
		8BF853462A98C18C00F57338 /* FirstOnboardingViewController.swift in Sources */ = {isa = PBXBuildFile; fileRef = 8BF853452A98C18C00F57338 /* FirstOnboardingViewController.swift */; };
		8BF853492A98C4C900F57338 /* SnapKit in Frameworks */ = {isa = PBXBuildFile; productRef = 8BF853482A98C4C900F57338 /* SnapKit */; };
		8BF8534B2A98F59C00F57338 /* SecondOnboardingViewController.swift in Sources */ = {isa = PBXBuildFile; fileRef = 8BF8534A2A98F59C00F57338 /* SecondOnboardingViewController.swift */; };
		8BF853862A9CAE9000F57338 /* TrendListView.swift in Sources */ = {isa = PBXBuildFile; fileRef = 8BF853852A9CAE9000F57338 /* TrendListView.swift */; };
		8BF853882A9CAEA500F57338 /* BaseView.swift in Sources */ = {isa = PBXBuildFile; fileRef = 8BF853872A9CAEA500F57338 /* BaseView.swift */; };
		8BF8538A2A9CAF3F00F57338 /* BaseTableViewCell.swift in Sources */ = {isa = PBXBuildFile; fileRef = 8BF853892A9CAF3F00F57338 /* BaseTableViewCell.swift */; };
		8BF853DC2A9DD3EE00F57338 /* ProfileViewController.swift in Sources */ = {isa = PBXBuildFile; fileRef = 8BF853DB2A9DD3EE00F57338 /* ProfileViewController.swift */; };
		8BF853DE2A9DD40000F57338 /* BaseViewController.swift in Sources */ = {isa = PBXBuildFile; fileRef = 8BF853DD2A9DD40000F57338 /* BaseViewController.swift */; };
		8BF853E02A9DD55800F57338 /* ProfileEditView.swift in Sources */ = {isa = PBXBuildFile; fileRef = 8BF853DF2A9DD55800F57338 /* ProfileEditView.swift */; };
		8BF853E22A9DDC9700F57338 /* CircleProfileImageView.swift in Sources */ = {isa = PBXBuildFile; fileRef = 8BF853E12A9DDC9700F57338 /* CircleProfileImageView.swift */; };
		8BF853E42A9E2B3100F57338 /* ProfileEditDetailViewType.swift in Sources */ = {isa = PBXBuildFile; fileRef = 8BF853E32A9E2B3100F57338 /* ProfileEditDetailViewType.swift */; };
		8BF853E72A9E2C3200F57338 /* BlueLabel.swift in Sources */ = {isa = PBXBuildFile; fileRef = 8BF853E62A9E2C3200F57338 /* BlueLabel.swift */; };
		8BF853E92A9E416400F57338 /* ProfileTableViewCell.swift in Sources */ = {isa = PBXBuildFile; fileRef = 8BF853E82A9E416400F57338 /* ProfileTableViewCell.swift */; };
		8BF853EB2A9E425600F57338 /* WhiteLabel.swift in Sources */ = {isa = PBXBuildFile; fileRef = 8BF853EA2A9E425600F57338 /* WhiteLabel.swift */; };
/* End PBXBuildFile section */

/* Begin PBXFileReference section */
		8BAA10D22A88C47000A25624 /* TrendListTableViewCell.swift */ = {isa = PBXFileReference; lastKnownFileType = sourcecode.swift; path = TrendListTableViewCell.swift; sourceTree = SOURCE_ROOT; };
		8BAA10D32A88C47000A25624 /* TrendListTableViewCell.xib */ = {isa = PBXFileReference; lastKnownFileType = file.xib; path = TrendListTableViewCell.xib; sourceTree = SOURCE_ROOT; };
		8BAA10DF2A890A8D00A25624 /* TmdbAPIManager.swift */ = {isa = PBXFileReference; lastKnownFileType = sourcecode.swift; path = TmdbAPIManager.swift; sourceTree = "<group>"; };
		8BAA10E12A890CDB00A25624 /* APIType.swift */ = {isa = PBXFileReference; lastKnownFileType = sourcecode.swift; path = APIType.swift; sourceTree = "<group>"; };
		8BAA10E32A8913A900A25624 /* Movie.swift */ = {isa = PBXFileReference; lastKnownFileType = sourcecode.swift; path = Movie.swift; sourceTree = "<group>"; };
		8BAA10E62A891DFE00A25624 /* URL+Extension.swift */ = {isa = PBXFileReference; lastKnownFileType = sourcecode.swift; path = "URL+Extension.swift"; sourceTree = "<group>"; };
		8BAA10EE2A8B79F000A25624 /* DetailViewController.storyboard */ = {isa = PBXFileReference; lastKnownFileType = file.storyboard; path = DetailViewController.storyboard; sourceTree = "<group>"; };
		8BAA10F22A8BC94900A25624 /* Credits.swift */ = {isa = PBXFileReference; lastKnownFileType = sourcecode.swift; path = Credits.swift; sourceTree = "<group>"; };
		8BAA10F42A8BDE7C00A25624 /* DetailViewController.swift */ = {isa = PBXFileReference; lastKnownFileType = sourcecode.swift; path = DetailViewController.swift; sourceTree = "<group>"; };
		8BAA10F62A8BE2FF00A25624 /* OverViewTableViewCell.swift */ = {isa = PBXFileReference; lastKnownFileType = sourcecode.swift; path = OverViewTableViewCell.swift; sourceTree = "<group>"; };
		8BAA10F72A8BE2FF00A25624 /* OverViewTableViewCell.xib */ = {isa = PBXFileReference; lastKnownFileType = file.xib; path = OverViewTableViewCell.xib; sourceTree = "<group>"; };
		8BAA10FB2A8BE31600A25624 /* CastTableViewCell.swift */ = {isa = PBXFileReference; lastKnownFileType = sourcecode.swift; path = CastTableViewCell.swift; sourceTree = "<group>"; };
		8BAA10FC2A8BE31600A25624 /* CastTableViewCell.xib */ = {isa = PBXFileReference; lastKnownFileType = file.xib; path = CastTableViewCell.xib; sourceTree = "<group>"; };
		8BD528A02A862F56003C031B /* MediaProj.app */ = {isa = PBXFileReference; explicitFileType = wrapper.application; includeInIndex = 0; path = MediaProj.app; sourceTree = BUILT_PRODUCTS_DIR; };
		8BD528A32A862F56003C031B /* AppDelegate.swift */ = {isa = PBXFileReference; lastKnownFileType = sourcecode.swift; path = AppDelegate.swift; sourceTree = "<group>"; };
		8BD528A52A862F56003C031B /* SceneDelegate.swift */ = {isa = PBXFileReference; lastKnownFileType = sourcecode.swift; path = SceneDelegate.swift; sourceTree = "<group>"; };
		8BD528A72A862F56003C031B /* ViewController.swift */ = {isa = PBXFileReference; lastKnownFileType = sourcecode.swift; path = ViewController.swift; sourceTree = "<group>"; };
		8BD528AA2A862F56003C031B /* Base */ = {isa = PBXFileReference; lastKnownFileType = file.storyboard; name = Base; path = Base.lproj/Main.storyboard; sourceTree = "<group>"; };
		8BD528AC2A862F57003C031B /* Assets.xcassets */ = {isa = PBXFileReference; lastKnownFileType = folder.assetcatalog; path = Assets.xcassets; sourceTree = "<group>"; };
		8BD528AF2A862F57003C031B /* Base */ = {isa = PBXFileReference; lastKnownFileType = file.storyboard; name = Base; path = Base.lproj/LaunchScreen.storyboard; sourceTree = "<group>"; };
		8BD528B12A862F57003C031B /* Info.plist */ = {isa = PBXFileReference; lastKnownFileType = text.plist.xml; path = Info.plist; sourceTree = "<group>"; };
		8BD528B72A862F7E003C031B /* .gitignore */ = {isa = PBXFileReference; lastKnownFileType = text; path = .gitignore; sourceTree = "<group>"; };
		8BD528B92A862F97003C031B /* APIKey.swift */ = {isa = PBXFileReference; lastKnownFileType = sourcecode.swift; path = APIKey.swift; sourceTree = "<group>"; };
		8BD528BB2A88C2AC003C031B /* TrendListViewController.swift */ = {isa = PBXFileReference; lastKnownFileType = sourcecode.swift; path = TrendListViewController.swift; sourceTree = "<group>"; };
		8BD528BD2A88C2CD003C031B /* TrendListView.storyboard */ = {isa = PBXFileReference; lastKnownFileType = file.storyboard; path = TrendListView.storyboard; sourceTree = "<group>"; };
		8BF852D52A92732A00F57338 /* MoreAboutMovieViewController.swift */ = {isa = PBXFileReference; lastKnownFileType = sourcecode.swift; path = MoreAboutMovieViewController.swift; sourceTree = "<group>"; };
		8BF852F92A937B7C00F57338 /* SimilarMovie.swift */ = {isa = PBXFileReference; lastKnownFileType = sourcecode.swift; path = SimilarMovie.swift; sourceTree = "<group>"; };
		8BF852FB2A937BCD00F57338 /* MovieVideos.swift */ = {isa = PBXFileReference; lastKnownFileType = sourcecode.swift; path = MovieVideos.swift; sourceTree = "<group>"; };
		8BF852FE2A9390F100F57338 /* MovieSimilarCollectionViewCell.swift */ = {isa = PBXFileReference; lastKnownFileType = sourcecode.swift; path = MovieSimilarCollectionViewCell.swift; sourceTree = "<group>"; };
		8BF852FF2A9390F100F57338 /* MovieSimilarCollectionViewCell.xib */ = {isa = PBXFileReference; lastKnownFileType = file.xib; path = MovieSimilarCollectionViewCell.xib; sourceTree = "<group>"; };
		8BF853022A93952900F57338 /* MovieVideosCollectionViewCell.swift */ = {isa = PBXFileReference; lastKnownFileType = sourcecode.swift; path = MovieVideosCollectionViewCell.swift; sourceTree = "<group>"; };
		8BF853032A93952900F57338 /* MovieVideosCollectionViewCell.xib */ = {isa = PBXFileReference; lastKnownFileType = file.xib; path = MovieVideosCollectionViewCell.xib; sourceTree = "<group>"; };
		8BF853062A9398CC00F57338 /* ReusableViewProtocol.swift */ = {isa = PBXFileReference; lastKnownFileType = sourcecode.swift; path = ReusableViewProtocol.swift; sourceTree = "<group>"; };
		8BF853432A98B9E600F57338 /* OnboardingViewController.swift */ = {isa = PBXFileReference; lastKnownFileType = sourcecode.swift; path = OnboardingViewController.swift; sourceTree = "<group>"; };
		8BF853452A98C18C00F57338 /* FirstOnboardingViewController.swift */ = {isa = PBXFileReference; lastKnownFileType = sourcecode.swift; path = FirstOnboardingViewController.swift; sourceTree = "<group>"; };
		8BF8534A2A98F59C00F57338 /* SecondOnboardingViewController.swift */ = {isa = PBXFileReference; lastKnownFileType = sourcecode.swift; path = SecondOnboardingViewController.swift; sourceTree = "<group>"; };
		8BF853852A9CAE9000F57338 /* TrendListView.swift */ = {isa = PBXFileReference; lastKnownFileType = sourcecode.swift; path = TrendListView.swift; sourceTree = "<group>"; };
		8BF853872A9CAEA500F57338 /* BaseView.swift */ = {isa = PBXFileReference; lastKnownFileType = sourcecode.swift; path = BaseView.swift; sourceTree = "<group>"; };
		8BF853892A9CAF3F00F57338 /* BaseTableViewCell.swift */ = {isa = PBXFileReference; lastKnownFileType = sourcecode.swift; path = BaseTableViewCell.swift; sourceTree = "<group>"; };
		8BF853DB2A9DD3EE00F57338 /* ProfileViewController.swift */ = {isa = PBXFileReference; lastKnownFileType = sourcecode.swift; path = ProfileViewController.swift; sourceTree = "<group>"; };
		8BF853DD2A9DD40000F57338 /* BaseViewController.swift */ = {isa = PBXFileReference; lastKnownFileType = sourcecode.swift; path = BaseViewController.swift; sourceTree = "<group>"; };
		8BF853DF2A9DD55800F57338 /* ProfileEditView.swift */ = {isa = PBXFileReference; lastKnownFileType = sourcecode.swift; path = ProfileEditView.swift; sourceTree = "<group>"; };
		8BF853E12A9DDC9700F57338 /* CircleProfileImageView.swift */ = {isa = PBXFileReference; lastKnownFileType = sourcecode.swift; path = CircleProfileImageView.swift; sourceTree = "<group>"; };
		8BF853E32A9E2B3100F57338 /* ProfileEditDetailViewType.swift */ = {isa = PBXFileReference; lastKnownFileType = sourcecode.swift; path = ProfileEditDetailViewType.swift; sourceTree = "<group>"; };
		8BF853E62A9E2C3200F57338 /* BlueLabel.swift */ = {isa = PBXFileReference; lastKnownFileType = sourcecode.swift; path = BlueLabel.swift; sourceTree = "<group>"; };
		8BF853E82A9E416400F57338 /* ProfileTableViewCell.swift */ = {isa = PBXFileReference; lastKnownFileType = sourcecode.swift; path = ProfileTableViewCell.swift; sourceTree = "<group>"; };
		8BF853EA2A9E425600F57338 /* WhiteLabel.swift */ = {isa = PBXFileReference; lastKnownFileType = sourcecode.swift; path = WhiteLabel.swift; sourceTree = "<group>"; };
/* End PBXFileReference section */

/* Begin PBXFrameworksBuildPhase section */
		8BD5289D2A862F56003C031B /* Frameworks */ = {
			isa = PBXFrameworksBuildPhase;
			buildActionMask = 2147483647;
			files = (
				8BAA10DE2A89062300A25624 /* Kingfisher in Frameworks */,
				8BF853492A98C4C900F57338 /* SnapKit in Frameworks */,
				8BAA10DB2A89061A00A25624 /* SwiftyJSON in Frameworks */,
				8BAA10D82A89060E00A25624 /* Alamofire in Frameworks */,
			);
			runOnlyForDeploymentPostprocessing = 0;
		};
/* End PBXFrameworksBuildPhase section */

/* Begin PBXGroup section */
		8BAA10E52A891DD400A25624 /* Model */ = {
			isa = PBXGroup;
			children = (
				8BAA10E32A8913A900A25624 /* Movie.swift */,
				8BAA10F22A8BC94900A25624 /* Credits.swift */,
				8BF852F92A937B7C00F57338 /* SimilarMovie.swift */,
				8BF852FB2A937BCD00F57338 /* MovieVideos.swift */,
			);
			path = Model;
			sourceTree = "<group>";
		};
		8BAA10E82A891E0100A25624 /* Extension */ = {
			isa = PBXGroup;
			children = (
				8BAA10E62A891DFE00A25624 /* URL+Extension.swift */,
			);
			path = Extension;
			sourceTree = "<group>";
		};
		8BAA10EB2A8B70F200A25624 /* Network */ = {
			isa = PBXGroup;
			children = (
				8BD528B92A862F97003C031B /* APIKey.swift */,
				8BAA10E12A890CDB00A25624 /* APIType.swift */,
				8BAA10DF2A890A8D00A25624 /* TmdbAPIManager.swift */,
			);
			path = Network;
			sourceTree = "<group>";
		};
		8BAA10EC2A8B742C00A25624 /* View */ = {
			isa = PBXGroup;
			children = (
				8BF853DA2A9DD3D700F57338 /* ProfileView */,
				8BF853842A9CA6FD00F57338 /* Base */,
				8BF853422A98B76700F57338 /* OnboardingView */,
				8BD528BF2A88C2DC003C031B /* TrendListView */,
				8BAA10ED2A8B79C800A25624 /* DetailView */,
			);
			path = View;
			sourceTree = "<group>";
		};
		8BAA10ED2A8B79C800A25624 /* DetailView */ = {
			isa = PBXGroup;
			children = (
				8BAA10EE2A8B79F000A25624 /* DetailViewController.storyboard */,
				8BF852D52A92732A00F57338 /* MoreAboutMovieViewController.swift */,
				8BAA10F42A8BDE7C00A25624 /* DetailViewController.swift */,
				8BAA10FA2A8BE30600A25624 /* DetailViewCell */,
				8BF852FD2A9390C500F57338 /* MoreAboutViewCell */,
			);
			path = DetailView;
			sourceTree = "<group>";
		};
		8BAA10FA2A8BE30600A25624 /* DetailViewCell */ = {
			isa = PBXGroup;
			children = (
				8BAA10F62A8BE2FF00A25624 /* OverViewTableViewCell.swift */,
				8BAA10F72A8BE2FF00A25624 /* OverViewTableViewCell.xib */,
				8BAA10FB2A8BE31600A25624 /* CastTableViewCell.swift */,
				8BAA10FC2A8BE31600A25624 /* CastTableViewCell.xib */,
			);
			path = DetailViewCell;
			sourceTree = "<group>";
		};
		8BD528972A862F56003C031B = {
			isa = PBXGroup;
			children = (
				8BD528A22A862F56003C031B /* MediaProj */,
				8BD528A12A862F56003C031B /* Products */,
			);
			sourceTree = "<group>";
		};
		8BD528A12A862F56003C031B /* Products */ = {
			isa = PBXGroup;
			children = (
				8BD528A02A862F56003C031B /* MediaProj.app */,
			);
			name = Products;
			sourceTree = "<group>";
		};
		8BD528A22A862F56003C031B /* MediaProj */ = {
			isa = PBXGroup;
			children = (
				8BAA10E52A891DD400A25624 /* Model */,
				8BAA10EB2A8B70F200A25624 /* Network */,
				8BD528A32A862F56003C031B /* AppDelegate.swift */,
				8BD528A52A862F56003C031B /* SceneDelegate.swift */,
				8BD528A72A862F56003C031B /* ViewController.swift */,
				8BD528A92A862F56003C031B /* Main.storyboard */,
				8BAA10E82A891E0100A25624 /* Extension */,
				8BAA10EC2A8B742C00A25624 /* View */,
				8BD528B72A862F7E003C031B /* .gitignore */,
				8BD528AC2A862F57003C031B /* Assets.xcassets */,
				8BD528AE2A862F57003C031B /* LaunchScreen.storyboard */,
				8BD528B12A862F57003C031B /* Info.plist */,
				8BF853062A9398CC00F57338 /* ReusableViewProtocol.swift */,
			);
			path = MediaProj;
			sourceTree = "<group>";
		};
		8BD528BF2A88C2DC003C031B /* TrendListView */ = {
			isa = PBXGroup;
			children = (
				8BD528BB2A88C2AC003C031B /* TrendListViewController.swift */,
				8BAA10D32A88C47000A25624 /* TrendListTableViewCell.xib */,
				8BAA10D22A88C47000A25624 /* TrendListTableViewCell.swift */,
				8BD528BD2A88C2CD003C031B /* TrendListView.storyboard */,
				8BF853852A9CAE9000F57338 /* TrendListView.swift */,
			);
			path = TrendListView;
			sourceTree = "<group>";
		};
		8BF852FD2A9390C500F57338 /* MoreAboutViewCell */ = {
			isa = PBXGroup;
			children = (
				8BF852FE2A9390F100F57338 /* MovieSimilarCollectionViewCell.swift */,
				8BF852FF2A9390F100F57338 /* MovieSimilarCollectionViewCell.xib */,
				8BF853022A93952900F57338 /* MovieVideosCollectionViewCell.swift */,
				8BF853032A93952900F57338 /* MovieVideosCollectionViewCell.xib */,
			);
			path = MoreAboutViewCell;
			sourceTree = "<group>";
		};
		8BF853422A98B76700F57338 /* OnboardingView */ = {
			isa = PBXGroup;
			children = (
				8BF853432A98B9E600F57338 /* OnboardingViewController.swift */,
				8BF853452A98C18C00F57338 /* FirstOnboardingViewController.swift */,
				8BF8534A2A98F59C00F57338 /* SecondOnboardingViewController.swift */,
			);
			path = OnboardingView;
			sourceTree = "<group>";
		};
		8BF853842A9CA6FD00F57338 /* Base */ = {
			isa = PBXGroup;
			children = (
				8BF853872A9CAEA500F57338 /* BaseView.swift */,
				8BF853892A9CAF3F00F57338 /* BaseTableViewCell.swift */,
				8BF853DD2A9DD40000F57338 /* BaseViewController.swift */,
			);
			path = Base;
			sourceTree = "<group>";
		};
		8BF853DA2A9DD3D700F57338 /* ProfileView */ = {
			isa = PBXGroup;
			children = (
				8BF853E52A9E2C1B00F57338 /* CustomView */,
				8BF853DB2A9DD3EE00F57338 /* ProfileViewController.swift */,
				8BF853DF2A9DD55800F57338 /* ProfileEditView.swift */,
				8BF853E82A9E416400F57338 /* ProfileTableViewCell.swift */,
				8BF853E32A9E2B3100F57338 /* ProfileEditDetailViewType.swift */,
			);
			path = ProfileView;
			sourceTree = "<group>";
		};
		8BF853E52A9E2C1B00F57338 /* CustomView */ = {
			isa = PBXGroup;
			children = (
				8BF853E12A9DDC9700F57338 /* CircleProfileImageView.swift */,
				8BF853E62A9E2C3200F57338 /* BlueLabel.swift */,
				8BF853EA2A9E425600F57338 /* WhiteLabel.swift */,
			);
			path = CustomView;
			sourceTree = "<group>";
		};
/* End PBXGroup section */

/* Begin PBXNativeTarget section */
		8BD5289F2A862F56003C031B /* MediaProj */ = {
			isa = PBXNativeTarget;
			buildConfigurationList = 8BD528B42A862F57003C031B /* Build configuration list for PBXNativeTarget "MediaProj" */;
			buildPhases = (
				8BD5289C2A862F56003C031B /* Sources */,
				8BD5289D2A862F56003C031B /* Frameworks */,
				8BD5289E2A862F56003C031B /* Resources */,
			);
			buildRules = (
			);
			dependencies = (
			);
			name = MediaProj;
			packageProductDependencies = (
				8BAA10D72A89060E00A25624 /* Alamofire */,
				8BAA10DA2A89061A00A25624 /* SwiftyJSON */,
				8BAA10DD2A89062300A25624 /* Kingfisher */,
				8BF853482A98C4C900F57338 /* SnapKit */,
			);
			productName = MediaProj;
			productReference = 8BD528A02A862F56003C031B /* MediaProj.app */;
			productType = "com.apple.product-type.application";
		};
/* End PBXNativeTarget section */

/* Begin PBXProject section */
		8BD528982A862F56003C031B /* Project object */ = {
			isa = PBXProject;
			attributes = {
				BuildIndependentTargetsInParallel = 1;
				LastSwiftUpdateCheck = 1430;
				LastUpgradeCheck = 1430;
				TargetAttributes = {
					8BD5289F2A862F56003C031B = {
						CreatedOnToolsVersion = 14.3.1;
					};
				};
			};
			buildConfigurationList = 8BD5289B2A862F56003C031B /* Build configuration list for PBXProject "MediaProj" */;
			compatibilityVersion = "Xcode 14.0";
			developmentRegion = en;
			hasScannedForEncodings = 0;
			knownRegions = (
				en,
				Base,
			);
			mainGroup = 8BD528972A862F56003C031B;
			packageReferences = (
				8BAA10D62A89060E00A25624 /* XCRemoteSwiftPackageReference "Alamofire" */,
				8BAA10D92A89061A00A25624 /* XCRemoteSwiftPackageReference "SwiftyJSON" */,
				8BAA10DC2A89062300A25624 /* XCRemoteSwiftPackageReference "Kingfisher" */,
				8BF853472A98C4C900F57338 /* XCRemoteSwiftPackageReference "SnapKit" */,
			);
			productRefGroup = 8BD528A12A862F56003C031B /* Products */;
			projectDirPath = "";
			projectRoot = "";
			targets = (
				8BD5289F2A862F56003C031B /* MediaProj */,
			);
		};
/* End PBXProject section */

/* Begin PBXResourcesBuildPhase section */
		8BD5289E2A862F56003C031B /* Resources */ = {
			isa = PBXResourcesBuildPhase;
			buildActionMask = 2147483647;
			files = (
				8BD528BE2A88C2CD003C031B /* TrendListView.storyboard in Resources */,
				8BAA10D52A88C47000A25624 /* TrendListTableViewCell.xib in Resources */,
				8BF853052A93952900F57338 /* MovieVideosCollectionViewCell.xib in Resources */,
				8BAA10FE2A8BE31600A25624 /* CastTableViewCell.xib in Resources */,
				8BF853012A9390F100F57338 /* MovieSimilarCollectionViewCell.xib in Resources */,
				8BAA10EF2A8B79F000A25624 /* DetailViewController.storyboard in Resources */,
				8BD528B82A862F7E003C031B /* .gitignore in Resources */,
				8BAA10F92A8BE2FF00A25624 /* OverViewTableViewCell.xib in Resources */,
				8BD528B02A862F57003C031B /* LaunchScreen.storyboard in Resources */,
				8BD528AD2A862F57003C031B /* Assets.xcassets in Resources */,
				8BD528AB2A862F56003C031B /* Main.storyboard in Resources */,
			);
			runOnlyForDeploymentPostprocessing = 0;
		};
/* End PBXResourcesBuildPhase section */

/* Begin PBXSourcesBuildPhase section */
		8BD5289C2A862F56003C031B /* Sources */ = {
			isa = PBXSourcesBuildPhase;
			buildActionMask = 2147483647;
			files = (
				8BF853462A98C18C00F57338 /* FirstOnboardingViewController.swift in Sources */,
				8BAA10E02A890A8D00A25624 /* TmdbAPIManager.swift in Sources */,
				8BF853072A9398CC00F57338 /* ReusableViewProtocol.swift in Sources */,
				8BF853E92A9E416400F57338 /* ProfileTableViewCell.swift in Sources */,
				8BD528A82A862F56003C031B /* ViewController.swift in Sources */,
				8BAA10FD2A8BE31600A25624 /* CastTableViewCell.swift in Sources */,
				8BF853DE2A9DD40000F57338 /* BaseViewController.swift in Sources */,
				8BF853442A98B9E600F57338 /* OnboardingViewController.swift in Sources */,
				8BF853DC2A9DD3EE00F57338 /* ProfileViewController.swift in Sources */,
				8BAA10E42A8913A900A25624 /* Movie.swift in Sources */,
				8BF852D62A92732A00F57338 /* MoreAboutMovieViewController.swift in Sources */,
				8BF853042A93952900F57338 /* MovieVideosCollectionViewCell.swift in Sources */,
				8BF853E02A9DD55800F57338 /* ProfileEditView.swift in Sources */,
				8BAA10F52A8BDE7C00A25624 /* DetailViewController.swift in Sources */,
				8BF853E42A9E2B3100F57338 /* ProfileEditDetailViewType.swift in Sources */,
				8BF853862A9CAE9000F57338 /* TrendListView.swift in Sources */,
				8BF853E22A9DDC9700F57338 /* CircleProfileImageView.swift in Sources */,
				8BF852FC2A937BCD00F57338 /* MovieVideos.swift in Sources */,
				8BF853EB2A9E425600F57338 /* WhiteLabel.swift in Sources */,
				8BF853882A9CAEA500F57338 /* BaseView.swift in Sources */,
				8BF853E72A9E2C3200F57338 /* BlueLabel.swift in Sources */,
				8BAA10E72A891DFE00A25624 /* URL+Extension.swift in Sources */,
				8BF8534B2A98F59C00F57338 /* SecondOnboardingViewController.swift in Sources */,
				8BD528BC2A88C2AC003C031B /* TrendListViewController.swift in Sources */,
				8BF853002A9390F100F57338 /* MovieSimilarCollectionViewCell.swift in Sources */,
				8BAA10F32A8BC94900A25624 /* Credits.swift in Sources */,
				8BF852FA2A937B7C00F57338 /* SimilarMovie.swift in Sources */,
				8BD528A42A862F56003C031B /* AppDelegate.swift in Sources */,
				8BAA10E22A890CDB00A25624 /* APIType.swift in Sources */,
				8BAA10F82A8BE2FF00A25624 /* OverViewTableViewCell.swift in Sources */,
				8BAA10D42A88C47000A25624 /* TrendListTableViewCell.swift in Sources */,
				8BD528BA2A862F97003C031B /* APIKey.swift in Sources */,
				8BF8538A2A9CAF3F00F57338 /* BaseTableViewCell.swift in Sources */,
				8BD528A62A862F56003C031B /* SceneDelegate.swift in Sources */,
			);
			runOnlyForDeploymentPostprocessing = 0;
		};
/* End PBXSourcesBuildPhase section */

/* Begin PBXVariantGroup section */
		8BD528A92A862F56003C031B /* Main.storyboard */ = {
			isa = PBXVariantGroup;
			children = (
				8BD528AA2A862F56003C031B /* Base */,
			);
			name = Main.storyboard;
			sourceTree = "<group>";
		};
		8BD528AE2A862F57003C031B /* LaunchScreen.storyboard */ = {
			isa = PBXVariantGroup;
			children = (
				8BD528AF2A862F57003C031B /* Base */,
			);
			name = LaunchScreen.storyboard;
			sourceTree = "<group>";
		};
/* End PBXVariantGroup section */

/* Begin XCBuildConfiguration section */
		8BD528B22A862F57003C031B /* Debug */ = {
			isa = XCBuildConfiguration;
			buildSettings = {
				ALWAYS_SEARCH_USER_PATHS = NO;
				CLANG_ANALYZER_NONNULL = YES;
				CLANG_ANALYZER_NUMBER_OBJECT_CONVERSION = YES_AGGRESSIVE;
				CLANG_CXX_LANGUAGE_STANDARD = "gnu++20";
				CLANG_ENABLE_MODULES = YES;
				CLANG_ENABLE_OBJC_ARC = YES;
				CLANG_ENABLE_OBJC_WEAK = YES;
				CLANG_WARN_BLOCK_CAPTURE_AUTORELEASING = YES;
				CLANG_WARN_BOOL_CONVERSION = YES;
				CLANG_WARN_COMMA = YES;
				CLANG_WARN_CONSTANT_CONVERSION = YES;
				CLANG_WARN_DEPRECATED_OBJC_IMPLEMENTATIONS = YES;
				CLANG_WARN_DIRECT_OBJC_ISA_USAGE = YES_ERROR;
				CLANG_WARN_DOCUMENTATION_COMMENTS = YES;
				CLANG_WARN_EMPTY_BODY = YES;
				CLANG_WARN_ENUM_CONVERSION = YES;
				CLANG_WARN_INFINITE_RECURSION = YES;
				CLANG_WARN_INT_CONVERSION = YES;
				CLANG_WARN_NON_LITERAL_NULL_CONVERSION = YES;
				CLANG_WARN_OBJC_IMPLICIT_RETAIN_SELF = YES;
				CLANG_WARN_OBJC_LITERAL_CONVERSION = YES;
				CLANG_WARN_OBJC_ROOT_CLASS = YES_ERROR;
				CLANG_WARN_QUOTED_INCLUDE_IN_FRAMEWORK_HEADER = YES;
				CLANG_WARN_RANGE_LOOP_ANALYSIS = YES;
				CLANG_WARN_STRICT_PROTOTYPES = YES;
				CLANG_WARN_SUSPICIOUS_MOVE = YES;
				CLANG_WARN_UNGUARDED_AVAILABILITY = YES_AGGRESSIVE;
				CLANG_WARN_UNREACHABLE_CODE = YES;
				CLANG_WARN__DUPLICATE_METHOD_MATCH = YES;
				COPY_PHASE_STRIP = NO;
				DEBUG_INFORMATION_FORMAT = dwarf;
				ENABLE_STRICT_OBJC_MSGSEND = YES;
				ENABLE_TESTABILITY = YES;
				GCC_C_LANGUAGE_STANDARD = gnu11;
				GCC_DYNAMIC_NO_PIC = NO;
				GCC_NO_COMMON_BLOCKS = YES;
				GCC_OPTIMIZATION_LEVEL = 0;
				GCC_PREPROCESSOR_DEFINITIONS = (
					"DEBUG=1",
					"$(inherited)",
				);
				GCC_WARN_64_TO_32_BIT_CONVERSION = YES;
				GCC_WARN_ABOUT_RETURN_TYPE = YES_ERROR;
				GCC_WARN_UNDECLARED_SELECTOR = YES;
				GCC_WARN_UNINITIALIZED_AUTOS = YES_AGGRESSIVE;
				GCC_WARN_UNUSED_FUNCTION = YES;
				GCC_WARN_UNUSED_VARIABLE = YES;
				IPHONEOS_DEPLOYMENT_TARGET = 16.4;
				MTL_ENABLE_DEBUG_INFO = INCLUDE_SOURCE;
				MTL_FAST_MATH = YES;
				ONLY_ACTIVE_ARCH = YES;
				SDKROOT = iphoneos;
				SWIFT_ACTIVE_COMPILATION_CONDITIONS = DEBUG;
				SWIFT_OPTIMIZATION_LEVEL = "-Onone";
			};
			name = Debug;
		};
		8BD528B32A862F57003C031B /* Release */ = {
			isa = XCBuildConfiguration;
			buildSettings = {
				ALWAYS_SEARCH_USER_PATHS = NO;
				CLANG_ANALYZER_NONNULL = YES;
				CLANG_ANALYZER_NUMBER_OBJECT_CONVERSION = YES_AGGRESSIVE;
				CLANG_CXX_LANGUAGE_STANDARD = "gnu++20";
				CLANG_ENABLE_MODULES = YES;
				CLANG_ENABLE_OBJC_ARC = YES;
				CLANG_ENABLE_OBJC_WEAK = YES;
				CLANG_WARN_BLOCK_CAPTURE_AUTORELEASING = YES;
				CLANG_WARN_BOOL_CONVERSION = YES;
				CLANG_WARN_COMMA = YES;
				CLANG_WARN_CONSTANT_CONVERSION = YES;
				CLANG_WARN_DEPRECATED_OBJC_IMPLEMENTATIONS = YES;
				CLANG_WARN_DIRECT_OBJC_ISA_USAGE = YES_ERROR;
				CLANG_WARN_DOCUMENTATION_COMMENTS = YES;
				CLANG_WARN_EMPTY_BODY = YES;
				CLANG_WARN_ENUM_CONVERSION = YES;
				CLANG_WARN_INFINITE_RECURSION = YES;
				CLANG_WARN_INT_CONVERSION = YES;
				CLANG_WARN_NON_LITERAL_NULL_CONVERSION = YES;
				CLANG_WARN_OBJC_IMPLICIT_RETAIN_SELF = YES;
				CLANG_WARN_OBJC_LITERAL_CONVERSION = YES;
				CLANG_WARN_OBJC_ROOT_CLASS = YES_ERROR;
				CLANG_WARN_QUOTED_INCLUDE_IN_FRAMEWORK_HEADER = YES;
				CLANG_WARN_RANGE_LOOP_ANALYSIS = YES;
				CLANG_WARN_STRICT_PROTOTYPES = YES;
				CLANG_WARN_SUSPICIOUS_MOVE = YES;
				CLANG_WARN_UNGUARDED_AVAILABILITY = YES_AGGRESSIVE;
				CLANG_WARN_UNREACHABLE_CODE = YES;
				CLANG_WARN__DUPLICATE_METHOD_MATCH = YES;
				COPY_PHASE_STRIP = NO;
				DEBUG_INFORMATION_FORMAT = "dwarf-with-dsym";
				ENABLE_NS_ASSERTIONS = NO;
				ENABLE_STRICT_OBJC_MSGSEND = YES;
				GCC_C_LANGUAGE_STANDARD = gnu11;
				GCC_NO_COMMON_BLOCKS = YES;
				GCC_WARN_64_TO_32_BIT_CONVERSION = YES;
				GCC_WARN_ABOUT_RETURN_TYPE = YES_ERROR;
				GCC_WARN_UNDECLARED_SELECTOR = YES;
				GCC_WARN_UNINITIALIZED_AUTOS = YES_AGGRESSIVE;
				GCC_WARN_UNUSED_FUNCTION = YES;
				GCC_WARN_UNUSED_VARIABLE = YES;
				IPHONEOS_DEPLOYMENT_TARGET = 16.4;
				MTL_ENABLE_DEBUG_INFO = NO;
				MTL_FAST_MATH = YES;
				SDKROOT = iphoneos;
				SWIFT_COMPILATION_MODE = wholemodule;
				SWIFT_OPTIMIZATION_LEVEL = "-O";
				VALIDATE_PRODUCT = YES;
			};
			name = Release;
		};
		8BD528B52A862F57003C031B /* Debug */ = {
			isa = XCBuildConfiguration;
			buildSettings = {
				ASSETCATALOG_COMPILER_APPICON_NAME = AppIcon;
				ASSETCATALOG_COMPILER_GLOBAL_ACCENT_COLOR_NAME = AccentColor;
				CODE_SIGN_STYLE = Automatic;
				CURRENT_PROJECT_VERSION = 1;
				GENERATE_INFOPLIST_FILE = YES;
				INFOPLIST_FILE = MediaProj/Info.plist;
				INFOPLIST_KEY_UIApplicationSupportsIndirectInputEvents = YES;
				INFOPLIST_KEY_UILaunchStoryboardName = LaunchScreen;
				INFOPLIST_KEY_UIMainStoryboardFile = Main;
				INFOPLIST_KEY_UISupportedInterfaceOrientations_iPad = "UIInterfaceOrientationPortrait UIInterfaceOrientationPortraitUpsideDown UIInterfaceOrientationLandscapeLeft UIInterfaceOrientationLandscapeRight";
				INFOPLIST_KEY_UISupportedInterfaceOrientations_iPhone = "UIInterfaceOrientationPortrait UIInterfaceOrientationLandscapeLeft UIInterfaceOrientationLandscapeRight";
				LD_RUNPATH_SEARCH_PATHS = (
					"$(inherited)",
					"@executable_path/Frameworks",
				);
				MARKETING_VERSION = 1.0;
				PRODUCT_BUNDLE_IDENTIFIER = com.SoomanHong.MediaProj;
				PRODUCT_NAME = "$(TARGET_NAME)";
				SWIFT_EMIT_LOC_STRINGS = YES;
				SWIFT_VERSION = 5.0;
				TARGETED_DEVICE_FAMILY = "1,2";
			};
			name = Debug;
		};
		8BD528B62A862F57003C031B /* Release */ = {
			isa = XCBuildConfiguration;
			buildSettings = {
				ASSETCATALOG_COMPILER_APPICON_NAME = AppIcon;
				ASSETCATALOG_COMPILER_GLOBAL_ACCENT_COLOR_NAME = AccentColor;
				CODE_SIGN_STYLE = Automatic;
				CURRENT_PROJECT_VERSION = 1;
				GENERATE_INFOPLIST_FILE = YES;
				INFOPLIST_FILE = MediaProj/Info.plist;
				INFOPLIST_KEY_UIApplicationSupportsIndirectInputEvents = YES;
				INFOPLIST_KEY_UILaunchStoryboardName = LaunchScreen;
				INFOPLIST_KEY_UIMainStoryboardFile = Main;
				INFOPLIST_KEY_UISupportedInterfaceOrientations_iPad = "UIInterfaceOrientationPortrait UIInterfaceOrientationPortraitUpsideDown UIInterfaceOrientationLandscapeLeft UIInterfaceOrientationLandscapeRight";
				INFOPLIST_KEY_UISupportedInterfaceOrientations_iPhone = "UIInterfaceOrientationPortrait UIInterfaceOrientationLandscapeLeft UIInterfaceOrientationLandscapeRight";
				LD_RUNPATH_SEARCH_PATHS = (
					"$(inherited)",
					"@executable_path/Frameworks",
				);
				MARKETING_VERSION = 1.0;
				PRODUCT_BUNDLE_IDENTIFIER = com.SoomanHong.MediaProj;
				PRODUCT_NAME = "$(TARGET_NAME)";
				SWIFT_EMIT_LOC_STRINGS = YES;
				SWIFT_VERSION = 5.0;
				TARGETED_DEVICE_FAMILY = "1,2";
			};
			name = Release;
		};
/* End XCBuildConfiguration section */

/* Begin XCConfigurationList section */
		8BD5289B2A862F56003C031B /* Build configuration list for PBXProject "MediaProj" */ = {
			isa = XCConfigurationList;
			buildConfigurations = (
				8BD528B22A862F57003C031B /* Debug */,
				8BD528B32A862F57003C031B /* Release */,
			);
			defaultConfigurationIsVisible = 0;
			defaultConfigurationName = Release;
		};
		8BD528B42A862F57003C031B /* Build configuration list for PBXNativeTarget "MediaProj" */ = {
			isa = XCConfigurationList;
			buildConfigurations = (
				8BD528B52A862F57003C031B /* Debug */,
				8BD528B62A862F57003C031B /* Release */,
			);
			defaultConfigurationIsVisible = 0;
			defaultConfigurationName = Release;
		};
/* End XCConfigurationList section */

/* Begin XCRemoteSwiftPackageReference section */
		8BAA10D62A89060E00A25624 /* XCRemoteSwiftPackageReference "Alamofire" */ = {
			isa = XCRemoteSwiftPackageReference;
			repositoryURL = "https://github.com/Alamofire/Alamofire";
			requirement = {
				kind = upToNextMajorVersion;
				minimumVersion = 5.0.0;
			};
		};
		8BAA10D92A89061A00A25624 /* XCRemoteSwiftPackageReference "SwiftyJSON" */ = {
			isa = XCRemoteSwiftPackageReference;
			repositoryURL = "https://github.com/SwiftyJSON/SwiftyJSON.git";
			requirement = {
				kind = upToNextMajorVersion;
				minimumVersion = 5.0.0;
			};
		};
		8BAA10DC2A89062300A25624 /* XCRemoteSwiftPackageReference "Kingfisher" */ = {
			isa = XCRemoteSwiftPackageReference;
			repositoryURL = "https://github.com/onevcat/Kingfisher.git";
			requirement = {
				kind = upToNextMajorVersion;
				minimumVersion = 7.0.0;
			};
		};
		8BF853472A98C4C900F57338 /* XCRemoteSwiftPackageReference "SnapKit" */ = {
			isa = XCRemoteSwiftPackageReference;
			repositoryURL = "https://github.com/SnapKit/SnapKit.git";
			requirement = {
				kind = upToNextMajorVersion;
				minimumVersion = 5.0.0;
			};
		};
/* End XCRemoteSwiftPackageReference section */

/* Begin XCSwiftPackageProductDependency section */
		8BAA10D72A89060E00A25624 /* Alamofire */ = {
			isa = XCSwiftPackageProductDependency;
			package = 8BAA10D62A89060E00A25624 /* XCRemoteSwiftPackageReference "Alamofire" */;
			productName = Alamofire;
		};
		8BAA10DA2A89061A00A25624 /* SwiftyJSON */ = {
			isa = XCSwiftPackageProductDependency;
			package = 8BAA10D92A89061A00A25624 /* XCRemoteSwiftPackageReference "SwiftyJSON" */;
			productName = SwiftyJSON;
		};
		8BAA10DD2A89062300A25624 /* Kingfisher */ = {
			isa = XCSwiftPackageProductDependency;
			package = 8BAA10DC2A89062300A25624 /* XCRemoteSwiftPackageReference "Kingfisher" */;
			productName = Kingfisher;
		};
		8BF853482A98C4C900F57338 /* SnapKit */ = {
			isa = XCSwiftPackageProductDependency;
			package = 8BF853472A98C4C900F57338 /* XCRemoteSwiftPackageReference "SnapKit" */;
			productName = SnapKit;
		};
/* End XCSwiftPackageProductDependency section */
	};
	rootObject = 8BD528982A862F56003C031B /* Project object */;
}
